{"is_source_file": false, "format": "", "description": "", "external_files": [], "external_methods": [], "published": [], "classes": [], "methods": [], "calls": [], "search-terms": [], "state": 2, "file_id": 15, "knowledge_revision": 30, "git_revision": "cf0a5f56351c8a6ea970f2f981679f4e12a1ce8c", "hash": "9c4ed7ef73e22b872b8055bec08b8979", "format-version": 4, "code-base-name": "default", "filename": "petpal_wellness_hub/post_process_status.lock", "revision_history": [{"30": "cf0a5f56351c8a6ea970f2f981679f4e12a1ce8c"}]}